
Microsoft Visual Studio Solution File, Format Version 12.00
# Visual Studio Version 17
VisualStudioVersion = 17.14.36119.2 d17.14
MinimumVisualStudioVersion = 10.0.40219.1
Project("{FAE04EC0-301F-11D3-BF4B-00C04F79EFBC}") = "SayMyNameAgain", "SayMyNameAgain\SayMyNameAgain.csproj", "{5CEDC2DE-20D7-4E59-A251-1B5F133D377F}"
EndProject
Global
	GlobalSection(SolutionConfigurationPlatforms) = preSolution
		Debug|Any CPU = Debug|Any CPU
		Release|Any CPU = Release|Any CPU
	EndGlobalSection
	GlobalSection(ProjectConfigurationPlatforms) = postSolution
		{5CEDC2DE-20D7-4E59-A251-1B5F133D377F}.Debug|Any CPU.ActiveCfg = Debug|Any CPU
		{5CEDC2DE-20D7-4E59-A251-1B5F133D377F}.Debug|Any CPU.Build.0 = Debug|Any CPU
		{5CEDC2DE-20D7-4E59-A251-1B5F133D377F}.Release|Any CPU.ActiveCfg = Release|Any CPU
		{5CEDC2DE-20D7-4E59-A251-1B5F133D377F}.Release|Any CPU.Build.0 = Release|Any CPU
	EndGlobalSection
	GlobalSection(SolutionProperties) = preSolution
		HideSolutionNode = FALSE
	EndGlobalSection
	GlobalSection(ExtensibilityGlobals) = postSolution
		SolutionGuid = {467579DF-0E2F-4A67-AE87-5B3CA9516394}
	EndGlobalSection
EndGlobal
